// !$*UTF8*$!
{
	archiveVersion = 1;
	classes = {
	};
	objectVersion = 56;
	objects = {

/* Begin PBXBuildFile section */
		D4988E2B2B1D8E9600FBB733 /* AppDelegate.swift in Sources */ = {isa = PBXBuildFile; fileRef = D4988E2A2B1D8E9600FBB733 /* AppDelegate.swift */; };
		D4988E2D2B1D8E9600FBB733 /* SceneDelegate.swift in Sources */ = {isa = PBXBuildFile; fileRef = D4988E2C2B1D8E9600FBB733 /* SceneDelegate.swift */; };
		D4988E2F2B1D8E9600FBB733 /* ViewController.swift in Sources */ = {isa = PBXBuildFile; fileRef = D4988E2E2B1D8E9600FBB733 /* ViewController.swift */; };
		D4988E322B1D8E9600FBB733 /* Main.storyboard in Resources */ = {isa = PBXBuildFile; fileRef = D4988E302B1D8E9600FBB733 /* Main.storyboard */; };
		D4988E342B1D8E9800FBB733 /* Assets.xcassets in Resources */ = {isa = PBXBuildFile; fileRef = D4988E332B1D8E9800FBB733 /* Assets.xcassets */; };
		D4988E372B1D8E9800FBB733 /* LaunchScreen.storyboard in Resources */ = {isa = PBXBuildFile; fileRef = D4988E352B1D8E9800FBB733 /* LaunchScreen.storyboard */; };
		D4988E3F2B1D9F5400FBB733 /* MusicViewController.swift in Sources */ = {isa = PBXBuildFile; fileRef = D4988E3E2B1D9F5400FBB733 /* MusicViewController.swift */; };
		D4988E432B1D9F8C00FBB733 /* Music.mp4 in Resources */ = {isa = PBXBuildFile; fileRef = D4988E422B1D9F8C00FBB733 /* Music.mp4 */; };
		D4988E472B1DA2A800FBB733 /* WebViewController.swift in Sources */ = {isa = PBXBuildFile; fileRef = D4988E462B1DA2A800FBB733 /* WebViewController.swift */; };
/* End PBXBuildFile section */

/* Begin PBXFileReference section */
		D4988E272B1D8E9600FBB733 /* B202212028ksy.app */ = {isa = PBXFileReference; explicitFileType = wrapper.application; includeInIndex = 0; path = B202212028ksy.app; sourceTree = BUILT_PRODUCTS_DIR; };
		D4988E2A2B1D8E9600FBB733 /* AppDelegate.swift */ = {isa = PBXFileReference; lastKnownFileType = sourcecode.swift; path = AppDelegate.swift; sourceTree = "<group>"; };
		D4988E2C2B1D8E9600FBB733 /* SceneDelegate.swift */ = {isa = PBXFileReference; lastKnownFileType = sourcecode.swift; path = SceneDelegate.swift; sourceTree = "<group>"; };
		D4988E2E2B1D8E9600FBB733 /* ViewController.swift */ = {isa = PBXFileReference; lastKnownFileType = sourcecode.swift; path = ViewController.swift; sourceTree = "<group>"; };
		D4988E312B1D8E9600FBB733 /* Base */ = {isa = PBXFileReference; lastKnownFileType = file.storyboard; name = Base; path = Base.lproj/Main.storyboard; sourceTree = "<group>"; };
		D4988E332B1D8E9800FBB733 /* Assets.xcassets */ = {isa = PBXFileReference; lastKnownFileType = folder.assetcatalog; path = Assets.xcassets; sourceTree = "<group>"; };
		D4988E362B1D8E9800FBB733 /* Base */ = {isa = PBXFileReference; lastKnownFileType = file.storyboard; name = Base; path = Base.lproj/LaunchScreen.storyboard; sourceTree = "<group>"; };
		D4988E382B1D8E9800FBB733 /* Info.plist */ = {isa = PBXFileReference; lastKnownFileType = text.plist.xml; path = Info.plist; sourceTree = "<group>"; };
		D4988E3E2B1D9F5400FBB733 /* MusicViewController.swift */ = {isa = PBXFileReference; lastKnownFileType = sourcecode.swift; path = MusicViewController.swift; sourceTree = "<group>"; };
		D4988E422B1D9F8C00FBB733 /* Music.mp4 */ = {isa = PBXFileReference; lastKnownFileType = file; path = Music.mp4; sourceTree = "<group>"; };
		D4988E462B1DA2A800FBB733 /* WebViewController.swift */ = {isa = PBXFileReference; lastKnownFileType = sourcecode.swift; path = WebViewController.swift; sourceTree = "<group>"; };
/* End PBXFileReference section */

/* Begin PBXFrameworksBuildPhase section */
		D4988E242B1D8E9600FBB733 /* Frameworks */ = {
			isa = PBXFrameworksBuildPhase;
			buildActionMask = 2147483647;
			files = (
			);
			runOnlyForDeploymentPostprocessing = 0;
		};
/* End PBXFrameworksBuildPhase section */

/* Begin PBXGroup section */
		D4988E1E2B1D8E9600FBB733 = {
			isa = PBXGroup;
			children = (
				D4988E292B1D8E9600FBB733 /* B202212028ksy */,
				D4988E282B1D8E9600FBB733 /* Products */,
			);
			sourceTree = "<group>";
		};
		D4988E282B1D8E9600FBB733 /* Products */ = {
			isa = PBXGroup;
			children = (
				D4988E272B1D8E9600FBB733 /* B202212028ksy.app */,
			);
			name = Products;
			sourceTree = "<group>";
		};
		D4988E292B1D8E9600FBB733 /* B202212028ksy */ = {
			isa = PBXGroup;
			children = (
				D4988E2A2B1D8E9600FBB733 /* AppDelegate.swift */,
				D4988E2C2B1D8E9600FBB733 /* SceneDelegate.swift */,
				D4988E2E2B1D8E9600FBB733 /* ViewController.swift */,
				D4988E302B1D8E9600FBB733 /* Main.storyboard */,
				D4988E462B1DA2A800FBB733 /* WebViewController.swift */,
				D4988E3E2B1D9F5400FBB733 /* MusicViewController.swift */,
				D4988E332B1D8E9800FBB733 /* Assets.xcassets */,
				D4988E352B1D8E9800FBB733 /* LaunchScreen.storyboard */,
				D4988E382B1D8E9800FBB733 /* Info.plist */,
				D4988E422B1D9F8C00FBB733 /* Music.mp4 */,
			);
			path = B202212028ksy;
			sourceTree = "<group>";
		};
/* End PBXGroup section */

/* Begin PBXNativeTarget section */
		D4988E262B1D8E9600FBB733 /* B202212028ksy */ = {
			isa = PBXNativeTarget;
			buildConfigurationList = D4988E3B2B1D8E9800FBB733 /* Build configuration list for PBXNativeTarget "B202212028ksy" */;
			buildPhases = (
				D4988E232B1D8E9600FBB733 /* Sources */,
				D4988E242B1D8E9600FBB733 /* Frameworks */,
				D4988E252B1D8E9600FBB733 /* Resources */,
			);
			buildRules = (
			);
			dependencies = (
			);
			name = B202212028ksy;
			productName = B202212028ksy;
			productReference = D4988E272B1D8E9600FBB733 /* B202212028ksy.app */;
			productType = "com.apple.product-type.application";
		};
/* End PBXNativeTarget section */

/* Begin PBXProject section */
		D4988E1F2B1D8E9600FBB733 /* Project object */ = {
			isa = PBXProject;
			attributes = {
				BuildIndependentTargetsInParallel = 1;
				LastSwiftUpdateCheck = 1420;
				LastUpgradeCheck = 1420;
				TargetAttributes = {
					D4988E262B1D8E9600FBB733 = {
						CreatedOnToolsVersion = 14.2;
					};
				};
			};
			buildConfigurationList = D4988E222B1D8E9600FBB733 /* Build configuration list for PBXProject "B202212028ksy" */;
			compatibilityVersion = "Xcode 14.0";
			developmentRegion = en;
			hasScannedForEncodings = 0;
			knownRegions = (
				en,
				Base,
			);
			mainGroup = D4988E1E2B1D8E9600FBB733;
			productRefGroup = D4988E282B1D8E9600FBB733 /* Products */;
			projectDirPath = "";
			projectRoot = "";
			targets = (
				D4988E262B1D8E9600FBB733 /* B202212028ksy */,
			);
		};
/* End PBXProject section */

/* Begin PBXResourcesBuildPhase section */
		D4988E252B1D8E9600FBB733 /* Resources */ = {
			isa = PBXResourcesBuildPhase;
			buildActionMask = 2147483647;
			files = (
				D4988E372B1D8E9800FBB733 /* LaunchScreen.storyboard in Resources */,
				D4988E432B1D9F8C00FBB733 /* Music.mp4 in Resources */,
				D4988E342B1D8E9800FBB733 /* Assets.xcassets in Resources */,
				D4988E322B1D8E9600FBB733 /* Main.storyboard in Resources */,
			);
			runOnlyForDeploymentPostprocessing = 0;
		};
/* End PBXResourcesBuildPhase section */

/* Begin PBXSourcesBuildPhase section */
		D4988E232B1D8E9600FBB733 /* Sources */ = {
			isa = PBXSourcesBuildPhase;
			buildActionMask = 2147483647;
			files = (
				D4988E3F2B1D9F5400FBB733 /* MusicViewController.swift in Sources */,
				D4988E2F2B1D8E9600FBB733 /* ViewController.swift in Sources */,
				D4988E2B2B1D8E9600FBB733 /* AppDelegate.swift in Sources */,
				D4988E472B1DA2A800FBB733 /* WebViewController.swift in Sources */,
				D4988E2D2B1D8E9600FBB733 /* SceneDelegate.swift in Sources */,
			);
			runOnlyForDeploymentPostprocessing = 0;
		};
/* End PBXSourcesBuildPhase section */

/* Begin PBXVariantGroup section */
		D4988E302B1D8E9600FBB733 /* Main.storyboard */ = {
			isa = PBXVariantGroup;
			children = (
				D4988E312B1D8E9600FBB733 /* Base */,
			);
			name = Main.storyboard;
			sourceTree = "<group>";
		};
		D4988E352B1D8E9800FBB733 /* LaunchScreen.storyboard */ = {
			isa = PBXVariantGroup;
			children = (
				D4988E362B1D8E9800FBB733 /* Base */,
			);
			name = LaunchScreen.storyboard;
			sourceTree = "<group>";
		};
/* End PBXVariantGroup section */

/* Begin XCBuildConfiguration section */
		D4988E392B1D8E9800FBB733 /* Debug */ = {
			isa = XCBuildConfiguration;
			buildSettings = {
				ALWAYS_SEARCH_USER_PATHS = NO;
				CLANG_ANALYZER_NONNULL = YES;
				CLANG_ANALYZER_NUMBER_OBJECT_CONVERSION = YES_AGGRESSIVE;
				CLANG_CXX_LANGUAGE_STANDARD = "gnu++20";
				CLANG_ENABLE_MODULES = YES;
				CLANG_ENABLE_OBJC_ARC = YES;
				CLANG_ENABLE_OBJC_WEAK = YES;
				CLANG_WARN_BLOCK_CAPTURE_AUTORELEASING = YES;
				CLANG_WARN_BOOL_CONVERSION = YES;
				CLANG_WARN_COMMA = YES;
				CLANG_WARN_CONSTANT_CONVERSION = YES;
				CLANG_WARN_DEPRECATED_OBJC_IMPLEMENTATIONS = YES;
				CLANG_WARN_DIRECT_OBJC_ISA_USAGE = YES_ERROR;
				CLANG_WARN_DOCUMENTATION_COMMENTS = YES;
				CLANG_WARN_EMPTY_BODY = YES;
				CLANG_WARN_ENUM_CONVERSION = YES;
				CLANG_WARN_INFINITE_RECURSION = YES;
				CLANG_WARN_INT_CONVERSION = YES;
				CLANG_WARN_NON_LITERAL_NULL_CONVERSION = YES;
				CLANG_WARN_OBJC_IMPLICIT_RETAIN_SELF = YES;
				CLANG_WARN_OBJC_LITERAL_CONVERSION = YES;
				CLANG_WARN_OBJC_ROOT_CLASS = YES_ERROR;
				CLANG_WARN_QUOTED_INCLUDE_IN_FRAMEWORK_HEADER = YES;
				CLANG_WARN_RANGE_LOOP_ANALYSIS = YES;
				CLANG_WARN_STRICT_PROTOTYPES = YES;
				CLANG_WARN_SUSPICIOUS_MOVE = YES;
				CLANG_WARN_UNGUARDED_AVAILABILITY = YES_AGGRESSIVE;
				CLANG_WARN_UNREACHABLE_CODE = YES;
				CLANG_WARN__DUPLICATE_METHOD_MATCH = YES;
				COPY_PHASE_STRIP = NO;
				DEBUG_INFORMATION_FORMAT = dwarf;
				ENABLE_STRICT_OBJC_MSGSEND = YES;
				ENABLE_TESTABILITY = YES;
				GCC_C_LANGUAGE_STANDARD = gnu11;
				GCC_DYNAMIC_NO_PIC = NO;
				GCC_NO_COMMON_BLOCKS = YES;
				GCC_OPTIMIZATION_LEVEL = 0;
				GCC_PREPROCESSOR_DEFINITIONS = (
					"DEBUG=1",
					"$(inherited)",
				);
				GCC_WARN_64_TO_32_BIT_CONVERSION = YES;
				GCC_WARN_ABOUT_RETURN_TYPE = YES_ERROR;
				GCC_WARN_UNDECLARED_SELECTOR = YES;
				GCC_WARN_UNINITIALIZED_AUTOS = YES_AGGRESSIVE;
				GCC_WARN_UNUSED_FUNCTION = YES;
				GCC_WARN_UNUSED_VARIABLE = YES;
				IPHONEOS_DEPLOYMENT_TARGET = 16.2;
				MTL_ENABLE_DEBUG_INFO = INCLUDE_SOURCE;
				MTL_FAST_MATH = YES;
				ONLY_ACTIVE_ARCH = YES;
				SDKROOT = iphoneos;
				SWIFT_ACTIVE_COMPILATION_CONDITIONS = DEBUG;
				SWIFT_OPTIMIZATION_LEVEL = "-Onone";
			};
			name = Debug;
		};
		D4988E3A2B1D8E9800FBB733 /* Release */ = {
			isa = XCBuildConfiguration;
			buildSettings = {
				ALWAYS_SEARCH_USER_PATHS = NO;
				CLANG_ANALYZER_NONNULL = YES;
				CLANG_ANALYZER_NUMBER_OBJECT_CONVERSION = YES_AGGRESSIVE;
				CLANG_CXX_LANGUAGE_STANDARD = "gnu++20";
				CLANG_ENABLE_MODULES = YES;
				CLANG_ENABLE_OBJC_ARC = YES;
				CLANG_ENABLE_OBJC_WEAK = YES;
				CLANG_WARN_BLOCK_CAPTURE_AUTORELEASING = YES;
				CLANG_WARN_BOOL_CONVERSION = YES;
				CLANG_WARN_COMMA = YES;
				CLANG_WARN_CONSTANT_CONVERSION = YES;
				CLANG_WARN_DEPRECATED_OBJC_IMPLEMENTATIONS = YES;
				CLANG_WARN_DIRECT_OBJC_ISA_USAGE = YES_ERROR;
				CLANG_WARN_DOCUMENTATION_COMMENTS = YES;
				CLANG_WARN_EMPTY_BODY = YES;
				CLANG_WARN_ENUM_CONVERSION = YES;
				CLANG_WARN_INFINITE_RECURSION = YES;
				CLANG_WARN_INT_CONVERSION = YES;
				CLANG_WARN_NON_LITERAL_NULL_CONVERSION = YES;
				CLANG_WARN_OBJC_IMPLICIT_RETAIN_SELF = YES;
				CLANG_WARN_OBJC_LITERAL_CONVERSION = YES;
				CLANG_WARN_OBJC_ROOT_CLASS = YES_ERROR;
				CLANG_WARN_QUOTED_INCLUDE_IN_FRAMEWORK_HEADER = YES;
				CLANG_WARN_RANGE_LOOP_ANALYSIS = YES;
				CLANG_WARN_STRICT_PROTOTYPES = YES;
				CLANG_WARN_SUSPICIOUS_MOVE = YES;
				CLANG_WARN_UNGUARDED_AVAILABILITY = YES_AGGRESSIVE;
				CLANG_WARN_UNREACHABLE_CODE = YES;
				CLANG_WARN__DUPLICATE_METHOD_MATCH = YES;
				COPY_PHASE_STRIP = NO;
				DEBUG_INFORMATION_FORMAT = "dwarf-with-dsym";
				ENABLE_NS_ASSERTIONS = NO;
				ENABLE_STRICT_OBJC_MSGSEND = YES;
				GCC_C_LANGUAGE_STANDARD = gnu11;
				GCC_NO_COMMON_BLOCKS = YES;
				GCC_WARN_64_TO_32_BIT_CONVERSION = YES;
				GCC_WARN_ABOUT_RETURN_TYPE = YES_ERROR;
				GCC_WARN_UNDECLARED_SELECTOR = YES;
				GCC_WARN_UNINITIALIZED_AUTOS = YES_AGGRESSIVE;
				GCC_WARN_UNUSED_FUNCTION = YES;
				GCC_WARN_UNUSED_VARIABLE = YES;
				IPHONEOS_DEPLOYMENT_TARGET = 16.2;
				MTL_ENABLE_DEBUG_INFO = NO;
				MTL_FAST_MATH = YES;
				SDKROOT = iphoneos;
				SWIFT_COMPILATION_MODE = wholemodule;
				SWIFT_OPTIMIZATION_LEVEL = "-O";
				VALIDATE_PRODUCT = YES;
			};
			name = Release;
		};
		D4988E3C2B1D8E9800FBB733 /* Debug */ = {
			isa = XCBuildConfiguration;
			buildSettings = {
				ASSETCATALOG_COMPILER_APPICON_NAME = AppIcon;
				ASSETCATALOG_COMPILER_GLOBAL_ACCENT_COLOR_NAME = AccentColor;
				CODE_SIGN_STYLE = Automatic;
				CURRENT_PROJECT_VERSION = 1;
				GENERATE_INFOPLIST_FILE = YES;
				INFOPLIST_FILE = B202212028ksy/Info.plist;
				INFOPLIST_KEY_UIApplicationSupportsIndirectInputEvents = YES;
				INFOPLIST_KEY_UILaunchStoryboardName = LaunchScreen;
				INFOPLIST_KEY_UIMainStoryboardFile = Main;
				INFOPLIST_KEY_UISupportedInterfaceOrientations_iPad = "UIInterfaceOrientationPortrait UIInterfaceOrientationPortraitUpsideDown UIInterfaceOrientationLandscapeLeft UIInterfaceOrientationLandscapeRight";
				INFOPLIST_KEY_UISupportedInterfaceOrientations_iPhone = "UIInterfaceOrientationPortrait UIInterfaceOrientationLandscapeLeft UIInterfaceOrientationLandscapeRight";
				LD_RUNPATH_SEARCH_PATHS = (
					"$(inherited)",
					"@executable_path/Frameworks",
				);
				MARKETING_VERSION = 1.0;
				PRODUCT_BUNDLE_IDENTIFIER = kr.ac.induk.ksy.B202212028ksy;
				PRODUCT_NAME = "$(TARGET_NAME)";
				SWIFT_EMIT_LOC_STRINGS = YES;
				SWIFT_VERSION = 5.0;
				TARGETED_DEVICE_FAMILY = "1,2";
			};
			name = Debug;
		};
		D4988E3D2B1D8E9800FBB733 /* Release */ = {
			isa = XCBuildConfiguration;
			buildSettings = {
				ASSETCATALOG_COMPILER_APPICON_NAME = AppIcon;
				ASSETCATALOG_COMPILER_GLOBAL_ACCENT_COLOR_NAME = AccentColor;
				CODE_SIGN_STYLE = Automatic;
				CURRENT_PROJECT_VERSION = 1;
				GENERATE_INFOPLIST_FILE = YES;
				INFOPLIST_FILE = B202212028ksy/Info.plist;
				INFOPLIST_KEY_UIApplicationSupportsIndirectInputEvents = YES;
				INFOPLIST_KEY_UILaunchStoryboardName = LaunchScreen;
				INFOPLIST_KEY_UIMainStoryboardFile = Main;
				INFOPLIST_KEY_UISupportedInterfaceOrientations_iPad = "UIInterfaceOrientationPortrait UIInterfaceOrientationPortraitUpsideDown UIInterfaceOrientationLandscapeLeft UIInterfaceOrientationLandscapeRight";
				INFOPLIST_KEY_UISupportedInterfaceOrientations_iPhone = "UIInterfaceOrientationPortrait UIInterfaceOrientationLandscapeLeft UIInterfaceOrientationLandscapeRight";
				LD_RUNPATH_SEARCH_PATHS = (
					"$(inherited)",
					"@executable_path/Frameworks",
				);
				MARKETING_VERSION = 1.0;
				PRODUCT_BUNDLE_IDENTIFIER = kr.ac.induk.ksy.B202212028ksy;
				PRODUCT_NAME = "$(TARGET_NAME)";
				SWIFT_EMIT_LOC_STRINGS = YES;
				SWIFT_VERSION = 5.0;
				TARGETED_DEVICE_FAMILY = "1,2";
			};
			name = Release;
		};
/* End XCBuildConfiguration section */

/* Begin XCConfigurationList section */
		D4988E222B1D8E9600FBB733 /* Build configuration list for PBXProject "B202212028ksy" */ = {
			isa = XCConfigurationList;
			buildConfigurations = (
				D4988E392B1D8E9800FBB733 /* Debug */,
				D4988E3A2B1D8E9800FBB733 /* Release */,
			);
			defaultConfigurationIsVisible = 0;
			defaultConfigurationName = Release;
		};
		D4988E3B2B1D8E9800FBB733 /* Build configuration list for PBXNativeTarget "B202212028ksy" */ = {
			isa = XCConfigurationList;
			buildConfigurations = (
				D4988E3C2B1D8E9800FBB733 /* Debug */,
				D4988E3D2B1D8E9800FBB733 /* Release */,
			);
			defaultConfigurationIsVisible = 0;
			defaultConfigurationName = Release;
		};
/* End XCConfigurationList section */
	};
	rootObject = D4988E1F2B1D8E9600FBB733 /* Project object */;
}
